<?xml version="1.0" encoding="UTF-8" standalone="yes" ?>
<CodeBlocks_project_file>
	<FileVersion major="1" minor="6" />
	<Project>
		<Option title="MasqMinder" />
		<Option pch_mode="2" />
		<Option compiler="gcc" />
		<Build>
			<Target title="Debug">
				<Option output="bin/Debug/MasqMinder" prefix_auto="1" extension_auto="1" />
				<Option object_output="obj/Debug/" />
				<Option type="1" />
				<Option compiler="gcc" />
				<Compiler>
					<Add option="-g" />
					<Add option="-DDEBUG" />
				</Compiler>
			</Target>
			<Target title="Release">
				<Option output="bin/Release/MasqMinder" prefix_auto="1" extension_auto="1" />
				<Option object_output="obj/Release/" />
				<Option type="1" />
				<Option compiler="gcc" />
				<Compiler>
					<Add option="-O2" />
				</Compiler>
				<Linker>
					<Add option="-s" />
				</Linker>
			</Target>
			<Target title="Check">
				<Option platforms="Unix;" />
				<Option output="bin/Test/MarqMinderCheck" prefix_auto="1" extension_auto="1" />
				<Option object_output="obj/Test-MarqMinder" />
				<Option type="1" />
				<Option compiler="gcc" />
				<Compiler>
					<Add option="-DDEBUG" />
				</Compiler>
				<Linker>
					<Add library="check_pic" />
					<Add library="pthread" />
					<Add library="rt" />
					<Add library="m" />
				</Linker>
			</Target>
		</Build>
		<Compiler>
			<Add option="-Wall" />
		</Compiler>
		<Unit filename="src/bstrlib/bstrlib.c">
			<Option compilerVar="CC" />
		</Unit>
		<Unit filename="src/bstrlib/bstrlib.h" />
		<Unit filename="src/hashmap.c">
			<Option compilerVar="CC" />
		</Unit>
		<Unit filename="src/hashmap.h" />
		<Unit filename="src/htmtree.c">
			<Option compilerVar="CC" />
		</Unit>
		<Unit filename="src/htmtree.h" />
		<Unit filename="src/http.c">
			<Option compilerVar="CC" />
		</Unit>
		<Unit filename="src/http.h" />
		<Unit filename="src/main.c">
			<Option compilerVar="CC" />
			<Option target="Release" />
			<Option target="Debug" />
		</Unit>
		<Unit filename="src/mem.c">
			<Option compilerVar="CC" />
		</Unit>
		<Unit filename="src/mem.h" />
		<Unit filename="src/netipc.c">
			<Option compilerVar="CC" />
		</Unit>
		<Unit filename="src/vector.c">
			<Option compilerVar="CC" />
		</Unit>
		<Unit filename="src/vector.h" />
		<Unit filename="test/check_data.c">
			<Option compilerVar="CC" />
			<Option target="Check" />
		</Unit>
		<Unit filename="test/check_data.h">
			<Option target="Check" />
		</Unit>
		<Unit filename="test/check_hashmap.c">
			<Option compilerVar="CC" />
			<Option target="Check" />
		</Unit>
		<Unit filename="test/check_main.c">
			<Option compilerVar="CC" />
			<Option target="Check" />
		</Unit>
		<Extensions>
			<code_completion />
			<envvars />
			<debugger />
		</Extensions>
	</Project>
</CodeBlocks_project_file>
